
Microsoft Visual Studio Solution File, Format Version 12.00
# Visual Studio 15
VisualStudioVersion = 15.0.26730.12
MinimumVisualStudioVersion = 10.0.40219.1
Project("{9A19103F-16F7-4668-BE54-9A1E7A4F7556}") = "ed.invoice.api", "ed.invoice.api\ed.invoice.api.csproj", "{2CDA150D-104E-46AA-A5C2-924AA803EEB8}"
EndProject
Project("{9A19103F-16F7-4668-BE54-9A1E7A4F7556}") = "ed.invoice.core", "ed.invoice.core\ed.invoice.core.csproj", "{CF7E85EB-FB96-49E7-9C89-6E0B8D0188C0}"
EndProject
Project("{9A19103F-16F7-4668-BE54-9A1E7A4F7556}") = "ed.invoice.domain", "ed.invoice.domain\ed.invoice.domain.csproj", "{1F5A6B8F-5F45-40E7-9172-0C27DBE0C1EA}"
EndProject
Project("{9A19103F-16F7-4668-BE54-9A1E7A4F7556}") = "ed.invoice.infrastructure.test", "ed.invoice.infrastructure.test\ed.invoice.infrastructure.test.csproj", "{ED937AD8-9049-4D37-BA8A-312F509A67B8}"
EndProject
Project("{FAE04EC0-301F-11D3-BF4B-00C04F79EFBC}") = "ed.invoice.application.test", "ed.invoice.application.test\ed.invoice.application.test.csproj", "{473A4E50-D444-45B0-A406-07CDA08C02D4}"
EndProject
Project("{FAE04EC0-301F-11D3-BF4B-00C04F79EFBC}") = "ed.invoice.infrastructure", "ed.invoice.infrastructure\ed.invoice.infrastructure.csproj", "{4555259B-C611-4FA9-85CD-5A57C009196F}"
EndProject
Project("{FAE04EC0-301F-11D3-BF4B-00C04F79EFBC}") = "ed.invoice.application", "ed.invoice.application\ed.invoice.application.csproj", "{B01BBC87-F7B0-4D76-8A07-00759A3005BB}"
EndProject
Global
	GlobalSection(SolutionConfigurationPlatforms) = preSolution
		Debug|Any CPU = Debug|Any CPU
		Release|Any CPU = Release|Any CPU
	EndGlobalSection
	GlobalSection(ProjectConfigurationPlatforms) = postSolution
		{2CDA150D-104E-46AA-A5C2-924AA803EEB8}.Debug|Any CPU.ActiveCfg = Debug|Any CPU
		{2CDA150D-104E-46AA-A5C2-924AA803EEB8}.Debug|Any CPU.Build.0 = Debug|Any CPU
		{2CDA150D-104E-46AA-A5C2-924AA803EEB8}.Release|Any CPU.ActiveCfg = Release|Any CPU
		{2CDA150D-104E-46AA-A5C2-924AA803EEB8}.Release|Any CPU.Build.0 = Release|Any CPU
		{CF7E85EB-FB96-49E7-9C89-6E0B8D0188C0}.Debug|Any CPU.ActiveCfg = Debug|Any CPU
		{CF7E85EB-FB96-49E7-9C89-6E0B8D0188C0}.Debug|Any CPU.Build.0 = Debug|Any CPU
		{CF7E85EB-FB96-49E7-9C89-6E0B8D0188C0}.Release|Any CPU.ActiveCfg = Release|Any CPU
		{CF7E85EB-FB96-49E7-9C89-6E0B8D0188C0}.Release|Any CPU.Build.0 = Release|Any CPU
		{1F5A6B8F-5F45-40E7-9172-0C27DBE0C1EA}.Debug|Any CPU.ActiveCfg = Debug|Any CPU
		{1F5A6B8F-5F45-40E7-9172-0C27DBE0C1EA}.Debug|Any CPU.Build.0 = Debug|Any CPU
		{1F5A6B8F-5F45-40E7-9172-0C27DBE0C1EA}.Release|Any CPU.ActiveCfg = Release|Any CPU
		{1F5A6B8F-5F45-40E7-9172-0C27DBE0C1EA}.Release|Any CPU.Build.0 = Release|Any CPU
		{ED937AD8-9049-4D37-BA8A-312F509A67B8}.Debug|Any CPU.ActiveCfg = Debug|Any CPU
		{ED937AD8-9049-4D37-BA8A-312F509A67B8}.Debug|Any CPU.Build.0 = Debug|Any CPU
		{ED937AD8-9049-4D37-BA8A-312F509A67B8}.Release|Any CPU.ActiveCfg = Release|Any CPU
		{ED937AD8-9049-4D37-BA8A-312F509A67B8}.Release|Any CPU.Build.0 = Release|Any CPU
		{473A4E50-D444-45B0-A406-07CDA08C02D4}.Debug|Any CPU.ActiveCfg = Debug|Any CPU
		{473A4E50-D444-45B0-A406-07CDA08C02D4}.Debug|Any CPU.Build.0 = Debug|Any CPU
		{473A4E50-D444-45B0-A406-07CDA08C02D4}.Release|Any CPU.ActiveCfg = Release|Any CPU
		{473A4E50-D444-45B0-A406-07CDA08C02D4}.Release|Any CPU.Build.0 = Release|Any CPU
		{4555259B-C611-4FA9-85CD-5A57C009196F}.Debug|Any CPU.ActiveCfg = Debug|Any CPU
		{4555259B-C611-4FA9-85CD-5A57C009196F}.Debug|Any CPU.Build.0 = Debug|Any CPU
		{4555259B-C611-4FA9-85CD-5A57C009196F}.Release|Any CPU.ActiveCfg = Release|Any CPU
		{4555259B-C611-4FA9-85CD-5A57C009196F}.Release|Any CPU.Build.0 = Release|Any CPU
		{B01BBC87-F7B0-4D76-8A07-00759A3005BB}.Debug|Any CPU.ActiveCfg = Debug|Any CPU
		{B01BBC87-F7B0-4D76-8A07-00759A3005BB}.Debug|Any CPU.Build.0 = Debug|Any CPU
		{B01BBC87-F7B0-4D76-8A07-00759A3005BB}.Release|Any CPU.ActiveCfg = Release|Any CPU
		{B01BBC87-F7B0-4D76-8A07-00759A3005BB}.Release|Any CPU.Build.0 = Release|Any CPU
	EndGlobalSection
	GlobalSection(SolutionProperties) = preSolution
		HideSolutionNode = FALSE
	EndGlobalSection
	GlobalSection(ExtensibilityGlobals) = postSolution
		SolutionGuid = {A7065C24-8093-4C6B-89AF-B167EC065E20}
	EndGlobalSection
EndGlobal
